// !$*UTF8*$!
{
	archiveVersion = 1;
	classes = {
	};
	objectVersion = 46;
	objects = {

/* Begin PBXBuildFile section */
		9783B4F81AD0167100A01CD7 /* OpeningViewController.m in Sources */ = {isa = PBXBuildFile; fileRef = 9783B4F71AD0167100A01CD7 /* OpeningViewController.m */; };
		9783B4FB1AD0190F00A01CD7 /* Roboto-Regular.ttf in Resources */ = {isa = PBXBuildFile; fileRef = 9783B4F91AD0190F00A01CD7 /* Roboto-Regular.ttf */; };
		9783B4FC1AD0190F00A01CD7 /* Roboto-Bold.ttf in Resources */ = {isa = PBXBuildFile; fileRef = 9783B4FA1AD0190F00A01CD7 /* Roboto-Bold.ttf */; };
		9783B5021AD020D900A01CD7 /* RegistrationViewController.m in Sources */ = {isa = PBXBuildFile; fileRef = 9783B5011AD020D900A01CD7 /* RegistrationViewController.m */; };
		A71B1E951ACFDA100072EE98 /* main.m in Sources */ = {isa = PBXBuildFile; fileRef = A71B1E941ACFDA100072EE98 /* main.m */; };
		A71B1E981ACFDA100072EE98 /* AppDelegate.m in Sources */ = {isa = PBXBuildFile; fileRef = A71B1E971ACFDA100072EE98 /* AppDelegate.m */; };
		A71B1E9B1ACFDA100072EE98 /* ViewController.m in Sources */ = {isa = PBXBuildFile; fileRef = A71B1E9A1ACFDA100072EE98 /* ViewController.m */; };
		A71B1E9E1ACFDA100072EE98 /* Main.storyboard in Resources */ = {isa = PBXBuildFile; fileRef = A71B1E9C1ACFDA100072EE98 /* Main.storyboard */; };
		A71B1EA01ACFDA100072EE98 /* Images.xcassets in Resources */ = {isa = PBXBuildFile; fileRef = A71B1E9F1ACFDA100072EE98 /* Images.xcassets */; };
		A71B1EA31ACFDA100072EE98 /* LaunchScreen.xib in Resources */ = {isa = PBXBuildFile; fileRef = A71B1EA11ACFDA100072EE98 /* LaunchScreen.xib */; };
		A71B1EAF1ACFDA110072EE98 /* QuestionnaireTests.m in Sources */ = {isa = PBXBuildFile; fileRef = A71B1EAE1ACFDA110072EE98 /* QuestionnaireTests.m */; };
		A71B1EBB1ACFDA800072EE98 /* Bolts.framework in Frameworks */ = {isa = PBXBuildFile; fileRef = A71B1EB81ACFDA800072EE98 /* Bolts.framework */; };
		A71B1EBC1ACFDA800072EE98 /* Parse.framework in Frameworks */ = {isa = PBXBuildFile; fileRef = A71B1EB91ACFDA800072EE98 /* Parse.framework */; };
		A71B1EBD1ACFDA800072EE98 /* ParseUI.framework in Frameworks */ = {isa = PBXBuildFile; fileRef = A71B1EBA1ACFDA800072EE98 /* ParseUI.framework */; };
		A71B1EC01ACFDEE60072EE98 /* AudioToolbox.framework in Frameworks */ = {isa = PBXBuildFile; fileRef = A71B1EBF1ACFDEE60072EE98 /* AudioToolbox.framework */; };
		A71B1EC21ACFDEED0072EE98 /* CFNetwork.framework in Frameworks */ = {isa = PBXBuildFile; fileRef = A71B1EC11ACFDEED0072EE98 /* CFNetwork.framework */; };
		A71B1EC41ACFDEF40072EE98 /* CoreGraphics.framework in Frameworks */ = {isa = PBXBuildFile; fileRef = A71B1EC31ACFDEF40072EE98 /* CoreGraphics.framework */; };
		A71B1EC61ACFDEFC0072EE98 /* CoreLocation.framework in Frameworks */ = {isa = PBXBuildFile; fileRef = A71B1EC51ACFDEFC0072EE98 /* CoreLocation.framework */; };
		A71B1EC81ACFDF020072EE98 /* MobileCoreServices.framework in Frameworks */ = {isa = PBXBuildFile; fileRef = A71B1EC71ACFDF020072EE98 /* MobileCoreServices.framework */; };
		A71B1ECA1ACFDF0B0072EE98 /* QuartzCore.framework in Frameworks */ = {isa = PBXBuildFile; fileRef = A71B1EC91ACFDF0B0072EE98 /* QuartzCore.framework */; };
		A71B1ECC1ACFDF140072EE98 /* Security.framework in Frameworks */ = {isa = PBXBuildFile; fileRef = A71B1ECB1ACFDF140072EE98 /* Security.framework */; };
		A71B1ED01ACFDF1F0072EE98 /* SystemConfiguration.framework in Frameworks */ = {isa = PBXBuildFile; fileRef = A71B1ECF1ACFDF1F0072EE98 /* SystemConfiguration.framework */; };
		A71B1ED21ACFDF280072EE98 /* libz.dylib in Frameworks */ = {isa = PBXBuildFile; fileRef = A71B1ED11ACFDF280072EE98 /* libz.dylib */; };
		A71B1ED41ACFDF310072EE98 /* libsqlite3.dylib in Frameworks */ = {isa = PBXBuildFile; fileRef = A71B1ED31ACFDF310072EE98 /* libsqlite3.dylib */; };
		A79980CB1AD01BDC00BBE9C5 /* Social.framework in Frameworks */ = {isa = PBXBuildFile; fileRef = A79980CA1AD01BDC00BBE9C5 /* Social.framework */; };
		A79980CD1AD01BE800BBE9C5 /* Accounts.framework in Frameworks */ = {isa = PBXBuildFile; fileRef = A79980CC1AD01BE800BBE9C5 /* Accounts.framework */; };
		A7AC406F1ACFFB83005A749B /* QuestionViewController.m in Sources */ = {isa = PBXBuildFile; fileRef = A7AC406E1ACFFB83005A749B /* QuestionViewController.m */; };
		A7AC40721AD0083B005A749B /* AskQuestionViewController.m in Sources */ = {isa = PBXBuildFile; fileRef = A7AC40711AD0083B005A749B /* AskQuestionViewController.m */; };
/* End PBXBuildFile section */

/* Begin PBXContainerItemProxy section */
		A71B1EA91ACFDA110072EE98 /* PBXContainerItemProxy */ = {
			isa = PBXContainerItemProxy;
			containerPortal = A71B1E871ACFDA100072EE98 /* Project object */;
			proxyType = 1;
			remoteGlobalIDString = A71B1E8E1ACFDA100072EE98;
			remoteInfo = Questionnaire;
		};
/* End PBXContainerItemProxy section */

/* Begin PBXFileReference section */
		9783B4F61AD0167100A01CD7 /* OpeningViewController.h */ = {isa = PBXFileReference; fileEncoding = 4; lastKnownFileType = sourcecode.c.h; path = OpeningViewController.h; sourceTree = "<group>"; };
		9783B4F71AD0167100A01CD7 /* OpeningViewController.m */ = {isa = PBXFileReference; fileEncoding = 4; lastKnownFileType = sourcecode.c.objc; path = OpeningViewController.m; sourceTree = "<group>"; };
		9783B4F91AD0190F00A01CD7 /* Roboto-Regular.ttf */ = {isa = PBXFileReference; lastKnownFileType = file; path = "Roboto-Regular.ttf"; sourceTree = "<group>"; };
		9783B4FA1AD0190F00A01CD7 /* Roboto-Bold.ttf */ = {isa = PBXFileReference; lastKnownFileType = file; path = "Roboto-Bold.ttf"; sourceTree = "<group>"; };
		9783B5001AD020D900A01CD7 /* RegistrationViewController.h */ = {isa = PBXFileReference; fileEncoding = 4; lastKnownFileType = sourcecode.c.h; path = RegistrationViewController.h; sourceTree = "<group>"; };
		9783B5011AD020D900A01CD7 /* RegistrationViewController.m */ = {isa = PBXFileReference; fileEncoding = 4; lastKnownFileType = sourcecode.c.objc; path = RegistrationViewController.m; sourceTree = "<group>"; };
		A71B1E8F1ACFDA100072EE98 /* Questionnaire.app */ = {isa = PBXFileReference; explicitFileType = wrapper.application; includeInIndex = 0; path = Questionnaire.app; sourceTree = BUILT_PRODUCTS_DIR; };
		A71B1E931ACFDA100072EE98 /* Info.plist */ = {isa = PBXFileReference; lastKnownFileType = text.plist.xml; path = Info.plist; sourceTree = "<group>"; };
		A71B1E941ACFDA100072EE98 /* main.m */ = {isa = PBXFileReference; lastKnownFileType = sourcecode.c.objc; path = main.m; sourceTree = "<group>"; };
		A71B1E961ACFDA100072EE98 /* AppDelegate.h */ = {isa = PBXFileReference; lastKnownFileType = sourcecode.c.h; path = AppDelegate.h; sourceTree = "<group>"; };
		A71B1E971ACFDA100072EE98 /* AppDelegate.m */ = {isa = PBXFileReference; lastKnownFileType = sourcecode.c.objc; path = AppDelegate.m; sourceTree = "<group>"; };
		A71B1E991ACFDA100072EE98 /* ViewController.h */ = {isa = PBXFileReference; lastKnownFileType = sourcecode.c.h; path = ViewController.h; sourceTree = "<group>"; };
		A71B1E9A1ACFDA100072EE98 /* ViewController.m */ = {isa = PBXFileReference; lastKnownFileType = sourcecode.c.objc; path = ViewController.m; sourceTree = "<group>"; };
		A71B1E9D1ACFDA100072EE98 /* Base */ = {isa = PBXFileReference; lastKnownFileType = file.storyboard; name = Base; path = Base.lproj/Main.storyboard; sourceTree = "<group>"; };
		A71B1E9F1ACFDA100072EE98 /* Images.xcassets */ = {isa = PBXFileReference; lastKnownFileType = folder.assetcatalog; path = Images.xcassets; sourceTree = "<group>"; };
		A71B1EA21ACFDA100072EE98 /* Base */ = {isa = PBXFileReference; lastKnownFileType = file.xib; name = Base; path = Base.lproj/LaunchScreen.xib; sourceTree = "<group>"; };
		A71B1EA81ACFDA110072EE98 /* QuestionnaireTests.xctest */ = {isa = PBXFileReference; explicitFileType = wrapper.cfbundle; includeInIndex = 0; path = QuestionnaireTests.xctest; sourceTree = BUILT_PRODUCTS_DIR; };
		A71B1EAD1ACFDA110072EE98 /* Info.plist */ = {isa = PBXFileReference; lastKnownFileType = text.plist.xml; path = Info.plist; sourceTree = "<group>"; };
		A71B1EAE1ACFDA110072EE98 /* QuestionnaireTests.m */ = {isa = PBXFileReference; lastKnownFileType = sourcecode.c.objc; path = QuestionnaireTests.m; sourceTree = "<group>"; };
		A71B1EB81ACFDA800072EE98 /* Bolts.framework */ = {isa = PBXFileReference; lastKnownFileType = wrapper.framework; path = Bolts.framework; sourceTree = "<group>"; };
		A71B1EB91ACFDA800072EE98 /* Parse.framework */ = {isa = PBXFileReference; lastKnownFileType = wrapper.framework; path = Parse.framework; sourceTree = "<group>"; };
		A71B1EBA1ACFDA800072EE98 /* ParseUI.framework */ = {isa = PBXFileReference; lastKnownFileType = wrapper.framework; path = ParseUI.framework; sourceTree = "<group>"; };
		A71B1EBF1ACFDEE60072EE98 /* AudioToolbox.framework */ = {isa = PBXFileReference; lastKnownFileType = wrapper.framework; name = AudioToolbox.framework; path = System/Library/Frameworks/AudioToolbox.framework; sourceTree = SDKROOT; };
		A71B1EC11ACFDEED0072EE98 /* CFNetwork.framework */ = {isa = PBXFileReference; lastKnownFileType = wrapper.framework; name = CFNetwork.framework; path = System/Library/Frameworks/CFNetwork.framework; sourceTree = SDKROOT; };
		A71B1EC31ACFDEF40072EE98 /* CoreGraphics.framework */ = {isa = PBXFileReference; lastKnownFileType = wrapper.framework; name = CoreGraphics.framework; path = System/Library/Frameworks/CoreGraphics.framework; sourceTree = SDKROOT; };
		A71B1EC51ACFDEFC0072EE98 /* CoreLocation.framework */ = {isa = PBXFileReference; lastKnownFileType = wrapper.framework; name = CoreLocation.framework; path = System/Library/Frameworks/CoreLocation.framework; sourceTree = SDKROOT; };
		A71B1EC71ACFDF020072EE98 /* MobileCoreServices.framework */ = {isa = PBXFileReference; lastKnownFileType = wrapper.framework; name = MobileCoreServices.framework; path = System/Library/Frameworks/MobileCoreServices.framework; sourceTree = SDKROOT; };
		A71B1EC91ACFDF0B0072EE98 /* QuartzCore.framework */ = {isa = PBXFileReference; lastKnownFileType = wrapper.framework; name = QuartzCore.framework; path = System/Library/Frameworks/QuartzCore.framework; sourceTree = SDKROOT; };
		A71B1ECB1ACFDF140072EE98 /* Security.framework */ = {isa = PBXFileReference; lastKnownFileType = wrapper.framework; name = Security.framework; path = System/Library/Frameworks/Security.framework; sourceTree = SDKROOT; };
		A71B1ECF1ACFDF1F0072EE98 /* SystemConfiguration.framework */ = {isa = PBXFileReference; lastKnownFileType = wrapper.framework; name = SystemConfiguration.framework; path = System/Library/Frameworks/SystemConfiguration.framework; sourceTree = SDKROOT; };
		A71B1ED11ACFDF280072EE98 /* libz.dylib */ = {isa = PBXFileReference; lastKnownFileType = "compiled.mach-o.dylib"; name = libz.dylib; path = usr/lib/libz.dylib; sourceTree = SDKROOT; };
		A71B1ED31ACFDF310072EE98 /* libsqlite3.dylib */ = {isa = PBXFileReference; lastKnownFileType = "compiled.mach-o.dylib"; name = libsqlite3.dylib; path = usr/lib/libsqlite3.dylib; sourceTree = SDKROOT; };
		A79980CA1AD01BDC00BBE9C5 /* Social.framework */ = {isa = PBXFileReference; lastKnownFileType = wrapper.framework; name = Social.framework; path = System/Library/Frameworks/Social.framework; sourceTree = SDKROOT; };
		A79980CC1AD01BE800BBE9C5 /* Accounts.framework */ = {isa = PBXFileReference; lastKnownFileType = wrapper.framework; name = Accounts.framework; path = System/Library/Frameworks/Accounts.framework; sourceTree = SDKROOT; };
		A7AC406D1ACFFB83005A749B /* QuestionViewController.h */ = {isa = PBXFileReference; fileEncoding = 4; lastKnownFileType = sourcecode.c.h; path = QuestionViewController.h; sourceTree = "<group>"; };
		A7AC406E1ACFFB83005A749B /* QuestionViewController.m */ = {isa = PBXFileReference; fileEncoding = 4; lastKnownFileType = sourcecode.c.objc; path = QuestionViewController.m; sourceTree = "<group>"; };
		A7AC40701AD0083B005A749B /* AskQuestionViewController.h */ = {isa = PBXFileReference; fileEncoding = 4; lastKnownFileType = sourcecode.c.h; path = AskQuestionViewController.h; sourceTree = "<group>"; };
		A7AC40711AD0083B005A749B /* AskQuestionViewController.m */ = {isa = PBXFileReference; fileEncoding = 4; lastKnownFileType = sourcecode.c.objc; path = AskQuestionViewController.m; sourceTree = "<group>"; };
/* End PBXFileReference section */

/* Begin PBXFrameworksBuildPhase section */
		A71B1E8C1ACFDA100072EE98 /* Frameworks */ = {
			isa = PBXFrameworksBuildPhase;
			buildActionMask = 2147483647;
			files = (
				A79980CD1AD01BE800BBE9C5 /* Accounts.framework in Frameworks */,
				A79980CB1AD01BDC00BBE9C5 /* Social.framework in Frameworks */,
				A71B1ED41ACFDF310072EE98 /* libsqlite3.dylib in Frameworks */,
				A71B1ED21ACFDF280072EE98 /* libz.dylib in Frameworks */,
				A71B1ED01ACFDF1F0072EE98 /* SystemConfiguration.framework in Frameworks */,
				A71B1ECC1ACFDF140072EE98 /* Security.framework in Frameworks */,
				A71B1ECA1ACFDF0B0072EE98 /* QuartzCore.framework in Frameworks */,
				A71B1EC81ACFDF020072EE98 /* MobileCoreServices.framework in Frameworks */,
				A71B1EC61ACFDEFC0072EE98 /* CoreLocation.framework in Frameworks */,
				A71B1EC41ACFDEF40072EE98 /* CoreGraphics.framework in Frameworks */,
				A71B1EC21ACFDEED0072EE98 /* CFNetwork.framework in Frameworks */,
				A71B1EC01ACFDEE60072EE98 /* AudioToolbox.framework in Frameworks */,
				A71B1EBD1ACFDA800072EE98 /* ParseUI.framework in Frameworks */,
				A71B1EBC1ACFDA800072EE98 /* Parse.framework in Frameworks */,
				A71B1EBB1ACFDA800072EE98 /* Bolts.framework in Frameworks */,
			);
			runOnlyForDeploymentPostprocessing = 0;
		};
		A71B1EA51ACFDA110072EE98 /* Frameworks */ = {
			isa = PBXFrameworksBuildPhase;
			buildActionMask = 2147483647;
			files = (
			);
			runOnlyForDeploymentPostprocessing = 0;
		};
/* End PBXFrameworksBuildPhase section */

/* Begin PBXGroup section */
		A71B1E861ACFDA100072EE98 = {
			isa = PBXGroup;
			children = (
				A71B1E911ACFDA100072EE98 /* Questionnaire */,
				A71B1EAB1ACFDA110072EE98 /* QuestionnaireTests */,
				A71B1E901ACFDA100072EE98 /* Products */,
				A71B1EBE1ACFDA860072EE98 /* Frameworks */,
			);
			sourceTree = "<group>";
		};
		A71B1E901ACFDA100072EE98 /* Products */ = {
			isa = PBXGroup;
			children = (
				A71B1E8F1ACFDA100072EE98 /* Questionnaire.app */,
				A71B1EA81ACFDA110072EE98 /* QuestionnaireTests.xctest */,
			);
			name = Products;
			sourceTree = "<group>";
		};
		A71B1E911ACFDA100072EE98 /* Questionnaire */ = {
			isa = PBXGroup;
			children = (
				A71B1E961ACFDA100072EE98 /* AppDelegate.h */,
				A71B1E971ACFDA100072EE98 /* AppDelegate.m */,
				9783B4F61AD0167100A01CD7 /* OpeningViewController.h */,
				9783B4F71AD0167100A01CD7 /* OpeningViewController.m */,
				9783B5001AD020D900A01CD7 /* RegistrationViewController.h */,
				9783B5011AD020D900A01CD7 /* RegistrationViewController.m */,
				9783B4F91AD0190F00A01CD7 /* Roboto-Regular.ttf */,
				9783B4FA1AD0190F00A01CD7 /* Roboto-Bold.ttf */,
				A71B1E991ACFDA100072EE98 /* ViewController.h */,
				A71B1E9A1ACFDA100072EE98 /* ViewController.m */,
				A7AC406D1ACFFB83005A749B /* QuestionViewController.h */,
				A7AC406E1ACFFB83005A749B /* QuestionViewController.m */,
				A7AC40701AD0083B005A749B /* AskQuestionViewController.h */,
				A7AC40711AD0083B005A749B /* AskQuestionViewController.m */,
				A71B1E9C1ACFDA100072EE98 /* Main.storyboard */,
				A71B1E9F1ACFDA100072EE98 /* Images.xcassets */,
				A71B1EA11ACFDA100072EE98 /* LaunchScreen.xib */,
				A71B1E921ACFDA100072EE98 /* Supporting Files */,
			);
			path = Questionnaire;
			sourceTree = "<group>";
		};
		A71B1E921ACFDA100072EE98 /* Supporting Files */ = {
			isa = PBXGroup;
			children = (
				A71B1E931ACFDA100072EE98 /* Info.plist */,
				A71B1E941ACFDA100072EE98 /* main.m */,
			);
			name = "Supporting Files";
			sourceTree = "<group>";
		};
		A71B1EAB1ACFDA110072EE98 /* QuestionnaireTests */ = {
			isa = PBXGroup;
			children = (
				A71B1EAE1ACFDA110072EE98 /* QuestionnaireTests.m */,
				A71B1EAC1ACFDA110072EE98 /* Supporting Files */,
			);
			path = QuestionnaireTests;
			sourceTree = "<group>";
		};
		A71B1EAC1ACFDA110072EE98 /* Supporting Files */ = {
			isa = PBXGroup;
			children = (
				A71B1EAD1ACFDA110072EE98 /* Info.plist */,
			);
			name = "Supporting Files";
			sourceTree = "<group>";
		};
		A71B1EBE1ACFDA860072EE98 /* Frameworks */ = {
			isa = PBXGroup;
			children = (
				A79980CC1AD01BE800BBE9C5 /* Accounts.framework */,
				A79980CA1AD01BDC00BBE9C5 /* Social.framework */,
				A71B1ED31ACFDF310072EE98 /* libsqlite3.dylib */,
				A71B1ED11ACFDF280072EE98 /* libz.dylib */,
				A71B1ECF1ACFDF1F0072EE98 /* SystemConfiguration.framework */,
				A71B1ECB1ACFDF140072EE98 /* Security.framework */,
				A71B1EC91ACFDF0B0072EE98 /* QuartzCore.framework */,
				A71B1EC71ACFDF020072EE98 /* MobileCoreServices.framework */,
				A71B1EC51ACFDEFC0072EE98 /* CoreLocation.framework */,
				A71B1EC31ACFDEF40072EE98 /* CoreGraphics.framework */,
				A71B1EC11ACFDEED0072EE98 /* CFNetwork.framework */,
				A71B1EBF1ACFDEE60072EE98 /* AudioToolbox.framework */,
				A71B1EB81ACFDA800072EE98 /* Bolts.framework */,
				A71B1EB91ACFDA800072EE98 /* Parse.framework */,
				A71B1EBA1ACFDA800072EE98 /* ParseUI.framework */,
			);
			name = Frameworks;
			sourceTree = "<group>";
		};
/* End PBXGroup section */

/* Begin PBXNativeTarget section */
		A71B1E8E1ACFDA100072EE98 /* Questionnaire */ = {
			isa = PBXNativeTarget;
			buildConfigurationList = A71B1EB21ACFDA110072EE98 /* Build configuration list for PBXNativeTarget "Questionnaire" */;
			buildPhases = (
				A71B1E8B1ACFDA100072EE98 /* Sources */,
				A71B1E8C1ACFDA100072EE98 /* Frameworks */,
				A71B1E8D1ACFDA100072EE98 /* Resources */,
			);
			buildRules = (
			);
			dependencies = (
			);
			name = Questionnaire;
			productName = Questionnaire;
			productReference = A71B1E8F1ACFDA100072EE98 /* Questionnaire.app */;
			productType = "com.apple.product-type.application";
		};
		A71B1EA71ACFDA110072EE98 /* QuestionnaireTests */ = {
			isa = PBXNativeTarget;
			buildConfigurationList = A71B1EB51ACFDA110072EE98 /* Build configuration list for PBXNativeTarget "QuestionnaireTests" */;
			buildPhases = (
				A71B1EA41ACFDA110072EE98 /* Sources */,
				A71B1EA51ACFDA110072EE98 /* Frameworks */,
				A71B1EA61ACFDA110072EE98 /* Resources */,
			);
			buildRules = (
			);
			dependencies = (
				A71B1EAA1ACFDA110072EE98 /* PBXTargetDependency */,
			);
			name = QuestionnaireTests;
			productName = QuestionnaireTests;
			productReference = A71B1EA81ACFDA110072EE98 /* QuestionnaireTests.xctest */;
			productType = "com.apple.product-type.bundle.unit-test";
		};
/* End PBXNativeTarget section */

/* Begin PBXProject section */
		A71B1E871ACFDA100072EE98 /* Project object */ = {
			isa = PBXProject;
			attributes = {
				LastUpgradeCheck = 0620;
				ORGANIZATIONNAME = "Maximilian Litteral";
				TargetAttributes = {
					A71B1E8E1ACFDA100072EE98 = {
						CreatedOnToolsVersion = 6.2;
						DevelopmentTeam = U6J8328WE2;
						SystemCapabilities = {
							com.apple.InAppPurchase = {
								enabled = 0;
							};
						};
					};
					A71B1EA71ACFDA110072EE98 = {
						CreatedOnToolsVersion = 6.2;
						DevelopmentTeam = U6J8328WE2;
						TestTargetID = A71B1E8E1ACFDA100072EE98;
					};
				};
			};
			buildConfigurationList = A71B1E8A1ACFDA100072EE98 /* Build configuration list for PBXProject "Questionnaire" */;
			compatibilityVersion = "Xcode 3.2";
			developmentRegion = English;
			hasScannedForEncodings = 0;
			knownRegions = (
				en,
				Base,
			);
			mainGroup = A71B1E861ACFDA100072EE98;
			productRefGroup = A71B1E901ACFDA100072EE98 /* Products */;
			projectDirPath = "";
			projectRoot = "";
			targets = (
				A71B1E8E1ACFDA100072EE98 /* Questionnaire */,
				A71B1EA71ACFDA110072EE98 /* QuestionnaireTests */,
			);
		};
/* End PBXProject section */

/* Begin PBXResourcesBuildPhase section */
		A71B1E8D1ACFDA100072EE98 /* Resources */ = {
			isa = PBXResourcesBuildPhase;
			buildActionMask = 2147483647;
			files = (
				A71B1E9E1ACFDA100072EE98 /* Main.storyboard in Resources */,
				A71B1EA31ACFDA100072EE98 /* LaunchScreen.xib in Resources */,
				9783B4FC1AD0190F00A01CD7 /* Roboto-Bold.ttf in Resources */,
				9783B4FB1AD0190F00A01CD7 /* Roboto-Regular.ttf in Resources */,
				A71B1EA01ACFDA100072EE98 /* Images.xcassets in Resources */,
			);
			runOnlyForDeploymentPostprocessing = 0;
		};
		A71B1EA61ACFDA110072EE98 /* Resources */ = {
			isa = PBXResourcesBuildPhase;
			buildActionMask = 2147483647;
			files = (
			);
			runOnlyForDeploymentPostprocessing = 0;
		};
/* End PBXResourcesBuildPhase section */

/* Begin PBXSourcesBuildPhase section */
		A71B1E8B1ACFDA100072EE98 /* Sources */ = {
			isa = PBXSourcesBuildPhase;
			buildActionMask = 2147483647;
			files = (
				A71B1E9B1ACFDA100072EE98 /* ViewController.m in Sources */,
				9783B4F81AD0167100A01CD7 /* OpeningViewController.m in Sources */,
				A71B1E981ACFDA100072EE98 /* AppDelegate.m in Sources */,
				A7AC40721AD0083B005A749B /* AskQuestionViewController.m in Sources */,
				A7AC406F1ACFFB83005A749B /* QuestionViewController.m in Sources */,
				A71B1E951ACFDA100072EE98 /* main.m in Sources */,
				9783B5021AD020D900A01CD7 /* RegistrationViewController.m in Sources */,
			);
			runOnlyForDeploymentPostprocessing = 0;
		};
		A71B1EA41ACFDA110072EE98 /* Sources */ = {
			isa = PBXSourcesBuildPhase;
			buildActionMask = 2147483647;
			files = (
				A71B1EAF1ACFDA110072EE98 /* QuestionnaireTests.m in Sources */,
			);
			runOnlyForDeploymentPostprocessing = 0;
		};
/* End PBXSourcesBuildPhase section */

/* Begin PBXTargetDependency section */
		A71B1EAA1ACFDA110072EE98 /* PBXTargetDependency */ = {
			isa = PBXTargetDependency;
			target = A71B1E8E1ACFDA100072EE98 /* Questionnaire */;
			targetProxy = A71B1EA91ACFDA110072EE98 /* PBXContainerItemProxy */;
		};
/* End PBXTargetDependency section */

/* Begin PBXVariantGroup section */
		A71B1E9C1ACFDA100072EE98 /* Main.storyboard */ = {
			isa = PBXVariantGroup;
			children = (
				A71B1E9D1ACFDA100072EE98 /* Base */,
			);
			name = Main.storyboard;
			sourceTree = "<group>";
		};
		A71B1EA11ACFDA100072EE98 /* LaunchScreen.xib */ = {
			isa = PBXVariantGroup;
			children = (
				A71B1EA21ACFDA100072EE98 /* Base */,
			);
			name = LaunchScreen.xib;
			sourceTree = "<group>";
		};
/* End PBXVariantGroup section */

/* Begin XCBuildConfiguration section */
		A71B1EB01ACFDA110072EE98 /* Debug */ = {
			isa = XCBuildConfiguration;
			buildSettings = {
				ALWAYS_SEARCH_USER_PATHS = NO;
				CLANG_CXX_LANGUAGE_STANDARD = "gnu++0x";
				CLANG_CXX_LIBRARY = "libc++";
				CLANG_ENABLE_MODULES = YES;
				CLANG_ENABLE_OBJC_ARC = YES;
				CLANG_WARN_BOOL_CONVERSION = YES;
				CLANG_WARN_CONSTANT_CONVERSION = YES;
				CLANG_WARN_DIRECT_OBJC_ISA_USAGE = YES_ERROR;
				CLANG_WARN_EMPTY_BODY = YES;
				CLANG_WARN_ENUM_CONVERSION = YES;
				CLANG_WARN_INT_CONVERSION = YES;
				CLANG_WARN_OBJC_ROOT_CLASS = YES_ERROR;
				CLANG_WARN_UNREACHABLE_CODE = YES;
				CLANG_WARN__DUPLICATE_METHOD_MATCH = YES;
				"CODE_SIGN_IDENTITY[sdk=iphoneos*]" = "iPhone Developer";
				COPY_PHASE_STRIP = NO;
				ENABLE_STRICT_OBJC_MSGSEND = YES;
				GCC_C_LANGUAGE_STANDARD = gnu99;
				GCC_DYNAMIC_NO_PIC = NO;
				GCC_OPTIMIZATION_LEVEL = 0;
				GCC_PREPROCESSOR_DEFINITIONS = (
					"DEBUG=1",
					"$(inherited)",
				);
				GCC_SYMBOLS_PRIVATE_EXTERN = NO;
				GCC_WARN_64_TO_32_BIT_CONVERSION = YES;
				GCC_WARN_ABOUT_RETURN_TYPE = YES_ERROR;
				GCC_WARN_UNDECLARED_SELECTOR = YES;
				GCC_WARN_UNINITIALIZED_AUTOS = YES_AGGRESSIVE;
				GCC_WARN_UNUSED_FUNCTION = YES;
				GCC_WARN_UNUSED_VARIABLE = YES;
				IPHONEOS_DEPLOYMENT_TARGET = 8.2;
				MTL_ENABLE_DEBUG_INFO = YES;
				ONLY_ACTIVE_ARCH = YES;
				SDKROOT = iphoneos;
				TARGETED_DEVICE_FAMILY = "1,2";
			};
			name = Debug;
		};
		A71B1EB11ACFDA110072EE98 /* Release */ = {
			isa = XCBuildConfiguration;
			buildSettings = {
				ALWAYS_SEARCH_USER_PATHS = NO;
				CLANG_CXX_LANGUAGE_STANDARD = "gnu++0x";
				CLANG_CXX_LIBRARY = "libc++";
				CLANG_ENABLE_MODULES = YES;
				CLANG_ENABLE_OBJC_ARC = YES;
				CLANG_WARN_BOOL_CONVERSION = YES;
				CLANG_WARN_CONSTANT_CONVERSION = YES;
				CLANG_WARN_DIRECT_OBJC_ISA_USAGE = YES_ERROR;
				CLANG_WARN_EMPTY_BODY = YES;
				CLANG_WARN_ENUM_CONVERSION = YES;
				CLANG_WARN_INT_CONVERSION = YES;
				CLANG_WARN_OBJC_ROOT_CLASS = YES_ERROR;
				CLANG_WARN_UNREACHABLE_CODE = YES;
				CLANG_WARN__DUPLICATE_METHOD_MATCH = YES;
				"CODE_SIGN_IDENTITY[sdk=iphoneos*]" = "iPhone Developer";
				COPY_PHASE_STRIP = NO;
				ENABLE_NS_ASSERTIONS = NO;
				ENABLE_STRICT_OBJC_MSGSEND = YES;
				GCC_C_LANGUAGE_STANDARD = gnu99;
				GCC_WARN_64_TO_32_BIT_CONVERSION = YES;
				GCC_WARN_ABOUT_RETURN_TYPE = YES_ERROR;
				GCC_WARN_UNDECLARED_SELECTOR = YES;
				GCC_WARN_UNINITIALIZED_AUTOS = YES_AGGRESSIVE;
				GCC_WARN_UNUSED_FUNCTION = YES;
				GCC_WARN_UNUSED_VARIABLE = YES;
				IPHONEOS_DEPLOYMENT_TARGET = 8.2;
				MTL_ENABLE_DEBUG_INFO = NO;
				SDKROOT = iphoneos;
				TARGETED_DEVICE_FAMILY = "1,2";
				VALIDATE_PRODUCT = YES;
			};
			name = Release;
		};
		A71B1EB31ACFDA110072EE98 /* Debug */ = {
			isa = XCBuildConfiguration;
			buildSettings = {
				ASSETCATALOG_COMPILER_APPICON_NAME = AppIcon;
				CODE_SIGN_IDENTITY = "iPhone Developer";
				FRAMEWORK_SEARCH_PATHS = (
					"$(inherited)",
					"$(PROJECT_DIR)",
				);
				INFOPLIST_FILE = Questionnaire/Info.plist;
				IPHONEOS_DEPLOYMENT_TARGET = 8.0;
				LD_RUNPATH_SEARCH_PATHS = "$(inherited) @executable_path/Frameworks";
				PRODUCT_NAME = "$(TARGET_NAME)";
			};
			name = Debug;
		};
		A71B1EB41ACFDA110072EE98 /* Release */ = {
			isa = XCBuildConfiguration;
			buildSettings = {
				ASSETCATALOG_COMPILER_APPICON_NAME = AppIcon;
				CODE_SIGN_IDENTITY = "iPhone Developer";
				FRAMEWORK_SEARCH_PATHS = (
					"$(inherited)",
					"$(PROJECT_DIR)",
				);
				INFOPLIST_FILE = Questionnaire/Info.plist;
				IPHONEOS_DEPLOYMENT_TARGET = 8.0;
				LD_RUNPATH_SEARCH_PATHS = "$(inherited) @executable_path/Frameworks";
				PRODUCT_NAME = "$(TARGET_NAME)";
			};
			name = Release;
		};
		A71B1EB61ACFDA110072EE98 /* Debug */ = {
			isa = XCBuildConfiguration;
			buildSettings = {
				BUNDLE_LOADER = "$(TEST_HOST)";
				FRAMEWORK_SEARCH_PATHS = (
					"$(SDKROOT)/Developer/Library/Frameworks",
					"$(inherited)",
				);
				GCC_PREPROCESSOR_DEFINITIONS = (
					"DEBUG=1",
					"$(inherited)",
				);
				INFOPLIST_FILE = QuestionnaireTests/Info.plist;
				LD_RUNPATH_SEARCH_PATHS = "$(inherited) @executable_path/Frameworks @loader_path/Frameworks";
				PRODUCT_NAME = "$(TARGET_NAME)";
				TEST_HOST = "$(BUILT_PRODUCTS_DIR)/Questionnaire.app/Questionnaire";
			};
			name = Debug;
		};
		A71B1EB71ACFDA110072EE98 /* Release */ = {
			isa = XCBuildConfiguration;
			buildSettings = {
				BUNDLE_LOADER = "$(TEST_HOST)";
				FRAMEWORK_SEARCH_PATHS = (
					"$(SDKROOT)/Developer/Library/Frameworks",
					"$(inherited)",
				);
				INFOPLIST_FILE = QuestionnaireTests/Info.plist;
				LD_RUNPATH_SEARCH_PATHS = "$(inherited) @executable_path/Frameworks @loader_path/Frameworks";
				PRODUCT_NAME = "$(TARGET_NAME)";
				TEST_HOST = "$(BUILT_PRODUCTS_DIR)/Questionnaire.app/Questionnaire";
			};
			name = Release;
		};
/* End XCBuildConfiguration section */

/* Begin XCConfigurationList section */
		A71B1E8A1ACFDA100072EE98 /* Build configuration list for PBXProject "Questionnaire" */ = {
			isa = XCConfigurationList;
			buildConfigurations = (
				A71B1EB01ACFDA110072EE98 /* Debug */,
				A71B1EB11ACFDA110072EE98 /* Release */,
			);
			defaultConfigurationIsVisible = 0;
			defaultConfigurationName = Release;
		};
		A71B1EB21ACFDA110072EE98 /* Build configuration list for PBXNativeTarget "Questionnaire" */ = {
			isa = XCConfigurationList;
			buildConfigurations = (
				A71B1EB31ACFDA110072EE98 /* Debug */,
				A71B1EB41ACFDA110072EE98 /* Release */,
			);
			defaultConfigurationIsVisible = 0;
			defaultConfigurationName = Release;
		};
		A71B1EB51ACFDA110072EE98 /* Build configuration list for PBXNativeTarget "QuestionnaireTests" */ = {
			isa = XCConfigurationList;
			buildConfigurations = (
				A71B1EB61ACFDA110072EE98 /* Debug */,
				A71B1EB71ACFDA110072EE98 /* Release */,
			);
			defaultConfigurationIsVisible = 0;
			defaultConfigurationName = Release;
		};
/* End XCConfigurationList section */
	};
	rootObject = A71B1E871ACFDA100072EE98 /* Project object */;
}
